{
  "name": "postfix-haskell",
  "version": "1.0.0",
  "lockfileVersion": 1,
  "requires": true,
  "dependencies": {
    "@types/node": {
      "version": "14.0.27",
      "resolved": "https://registry.npmjs.org/@types/node/-/node-14.0.27.tgz",
      "integrity": "sha512-kVrqXhbclHNHGu9ztnAwSncIgJv/FaxmzXJvGXNdcCpV1b8u1/Mi6z6m0vwy0LzKeXFTPLH0NzwmoJ3fNCIq0g=="
    },
    "binaryen": {
      "version": "99.0.0-nightly.20210129",
      "resolved": "https://registry.npmjs.org/binaryen/-/binaryen-99.0.0-nightly.20210129.tgz",
      "integrity": "sha512-ww48DxkVNOVYzCXgtxLelUrfgBr6Eli1vfm96A+3c6jd6w5YP/T4yU+j2gAOYAdx+2xJL3Oz7i02gyMENnPAOw=="
    },
    "wabt": {
      "version": "1.0.20",
      "resolved": "https://registry.npmjs.org/wabt/-/wabt-1.0.20.tgz",
      "integrity": "sha512-chkTTrB1XolSLs6lBk7/U5oXaxUMECeJOiMuiTHYgC8BS0EToJGFXuL5Dgggv2S+SS78GQ8YPovRrmUwT7pOlQ=="
    }
  }
}
